// !$*UTF8*$!
{
	archiveVersion = 1;
	classes = {
	};
	objectVersion = 48;
	objects = {

/* Begin PBXBuildFile section */
		67700DEAD6FC3EB27D37BBAA /* Pods_Eredivisie.framework in Frameworks */ = {isa = PBXBuildFile; fileRef = 35DC948C4CE75295B42C43C5 /* Pods_Eredivisie.framework */; };
		CE1695632005053F00E3BAE8 /* Constants.swift in Sources */ = {isa = PBXBuildFile; fileRef = CE1695622005053F00E3BAE8 /* Constants.swift */; };
		CE1695652005091300E3BAE8 /* Team.swift in Sources */ = {isa = PBXBuildFile; fileRef = CE1695642005091300E3BAE8 /* Team.swift */; };
		CE27EBA62006352C0045F9A6 /* TableCell.swift in Sources */ = {isa = PBXBuildFile; fileRef = CE27EBA52006352C0045F9A6 /* TableCell.swift */; };
		CE41C94E2010EF7C00193719 /* Home.storyboard in Resources */ = {isa = PBXBuildFile; fileRef = CE41C94D2010EF7C00193719 /* Home.storyboard */; };
		CE4232F72006080A00E01DDA /* Table.storyboard in Resources */ = {isa = PBXBuildFile; fileRef = CE4232F62006080A00E01DDA /* Table.storyboard */; };
		CE4232F92006081C00E01DDA /* Events.storyboard in Resources */ = {isa = PBXBuildFile; fileRef = CE4232F82006081C00E01DDA /* Events.storyboard */; };
		CE4232FC20060AAE00E01DDA /* TableViewController.swift in Sources */ = {isa = PBXBuildFile; fileRef = CE4232FB20060AAE00E01DDA /* TableViewController.swift */; };
		CE69BB7A2004E1BD00844D53 /* AppDelegate.swift in Sources */ = {isa = PBXBuildFile; fileRef = CE69BB792004E1BD00844D53 /* AppDelegate.swift */; };
		CE69BB7C2004E1BE00844D53 /* ViewController.swift in Sources */ = {isa = PBXBuildFile; fileRef = CE69BB7B2004E1BE00844D53 /* ViewController.swift */; };
		CE69BB7F2004E1BE00844D53 /* Main.storyboard in Resources */ = {isa = PBXBuildFile; fileRef = CE69BB7D2004E1BE00844D53 /* Main.storyboard */; };
		CE69BB822004E1BE00844D53 /* Eredivisie.xcdatamodeld in Sources */ = {isa = PBXBuildFile; fileRef = CE69BB802004E1BE00844D53 /* Eredivisie.xcdatamodeld */; };
		CE69BB842004E1BE00844D53 /* Assets.xcassets in Resources */ = {isa = PBXBuildFile; fileRef = CE69BB832004E1BE00844D53 /* Assets.xcassets */; };
		CE69BB872004E1BE00844D53 /* LaunchScreen.storyboard in Resources */ = {isa = PBXBuildFile; fileRef = CE69BB852004E1BE00844D53 /* LaunchScreen.storyboard */; };
		CEDF5C992011E31800D2123F /* MainViewController.swift in Sources */ = {isa = PBXBuildFile; fileRef = CEDF5C982011E31800D2123F /* MainViewController.swift */; };
		CEDF5C9C2012173800D2123F /* Alamofire+Custom.swift in Sources */ = {isa = PBXBuildFile; fileRef = CEDF5C9B2012173800D2123F /* Alamofire+Custom.swift */; };
		CEDF5C9E20121C7D00D2123F /* HomeViewController.swift in Sources */ = {isa = PBXBuildFile; fileRef = CEDF5C9D20121C7D00D2123F /* HomeViewController.swift */; };
/* End PBXBuildFile section */

/* Begin PBXFileReference section */
		1E4A625EB8C67F15CC13F5E0 /* Pods-Eredivisie.debug.xcconfig */ = {isa = PBXFileReference; includeInIndex = 1; lastKnownFileType = text.xcconfig; name = "Pods-Eredivisie.debug.xcconfig"; path = "Pods/Target Support Files/Pods-Eredivisie/Pods-Eredivisie.debug.xcconfig"; sourceTree = "<group>"; };
		35DC948C4CE75295B42C43C5 /* Pods_Eredivisie.framework */ = {isa = PBXFileReference; explicitFileType = wrapper.framework; includeInIndex = 0; path = Pods_Eredivisie.framework; sourceTree = BUILT_PRODUCTS_DIR; };
		CE1695622005053F00E3BAE8 /* Constants.swift */ = {isa = PBXFileReference; lastKnownFileType = sourcecode.swift; path = Constants.swift; sourceTree = "<group>"; };
		CE1695642005091300E3BAE8 /* Team.swift */ = {isa = PBXFileReference; lastKnownFileType = sourcecode.swift; path = Team.swift; sourceTree = "<group>"; };
		CE27EBA52006352C0045F9A6 /* TableCell.swift */ = {isa = PBXFileReference; lastKnownFileType = sourcecode.swift; path = TableCell.swift; sourceTree = "<group>"; };
		CE41C94D2010EF7C00193719 /* Home.storyboard */ = {isa = PBXFileReference; lastKnownFileType = file.storyboard; path = Home.storyboard; sourceTree = "<group>"; };
		CE4232F62006080A00E01DDA /* Table.storyboard */ = {isa = PBXFileReference; lastKnownFileType = file.storyboard; path = Table.storyboard; sourceTree = "<group>"; };
		CE4232F82006081C00E01DDA /* Events.storyboard */ = {isa = PBXFileReference; lastKnownFileType = file.storyboard; path = Events.storyboard; sourceTree = "<group>"; };
		CE4232FB20060AAE00E01DDA /* TableViewController.swift */ = {isa = PBXFileReference; lastKnownFileType = sourcecode.swift; path = TableViewController.swift; sourceTree = "<group>"; };
		CE69BB762004E1BD00844D53 /* Eredivisie.app */ = {isa = PBXFileReference; explicitFileType = wrapper.application; includeInIndex = 0; path = Eredivisie.app; sourceTree = BUILT_PRODUCTS_DIR; };
		CE69BB792004E1BD00844D53 /* AppDelegate.swift */ = {isa = PBXFileReference; lastKnownFileType = sourcecode.swift; path = AppDelegate.swift; sourceTree = "<group>"; };
		CE69BB7B2004E1BE00844D53 /* ViewController.swift */ = {isa = PBXFileReference; lastKnownFileType = sourcecode.swift; path = ViewController.swift; sourceTree = "<group>"; };
		CE69BB7E2004E1BE00844D53 /* Base */ = {isa = PBXFileReference; lastKnownFileType = file.storyboard; name = Base; path = Base.lproj/Main.storyboard; sourceTree = "<group>"; };
		CE69BB812004E1BE00844D53 /* Eredivisie.xcdatamodel */ = {isa = PBXFileReference; lastKnownFileType = wrapper.xcdatamodel; path = Eredivisie.xcdatamodel; sourceTree = "<group>"; };
		CE69BB832004E1BE00844D53 /* Assets.xcassets */ = {isa = PBXFileReference; lastKnownFileType = folder.assetcatalog; path = Assets.xcassets; sourceTree = "<group>"; };
		CE69BB862004E1BE00844D53 /* Base */ = {isa = PBXFileReference; lastKnownFileType = file.storyboard; name = Base; path = Base.lproj/LaunchScreen.storyboard; sourceTree = "<group>"; };
		CE69BB882004E1BE00844D53 /* Info.plist */ = {isa = PBXFileReference; lastKnownFileType = text.plist.xml; path = Info.plist; sourceTree = "<group>"; };
		CEDF5C982011E31800D2123F /* MainViewController.swift */ = {isa = PBXFileReference; lastKnownFileType = sourcecode.swift; path = MainViewController.swift; sourceTree = "<group>"; };
		CEDF5C9B2012173800D2123F /* Alamofire+Custom.swift */ = {isa = PBXFileReference; lastKnownFileType = sourcecode.swift; path = "Alamofire+Custom.swift"; sourceTree = "<group>"; };
		CEDF5C9D20121C7D00D2123F /* HomeViewController.swift */ = {isa = PBXFileReference; lastKnownFileType = sourcecode.swift; path = HomeViewController.swift; sourceTree = "<group>"; };
		E6262578E6316540FDFEA170 /* Pods-Eredivisie.release.xcconfig */ = {isa = PBXFileReference; includeInIndex = 1; lastKnownFileType = text.xcconfig; name = "Pods-Eredivisie.release.xcconfig"; path = "Pods/Target Support Files/Pods-Eredivisie/Pods-Eredivisie.release.xcconfig"; sourceTree = "<group>"; };
/* End PBXFileReference section */

/* Begin PBXFrameworksBuildPhase section */
		CE69BB732004E1BD00844D53 /* Frameworks */ = {
			isa = PBXFrameworksBuildPhase;
			buildActionMask = 2147483647;
			files = (
				67700DEAD6FC3EB27D37BBAA /* Pods_Eredivisie.framework in Frameworks */,
			);
			runOnlyForDeploymentPostprocessing = 0;
		};
/* End PBXFrameworksBuildPhase section */

/* Begin PBXGroup section */
		76718CD78425464DB1136F58 /* Frameworks */ = {
			isa = PBXGroup;
			children = (
				35DC948C4CE75295B42C43C5 /* Pods_Eredivisie.framework */,
			);
			name = Frameworks;
			sourceTree = "<group>";
		};
		CE4232FA20060A7300E01DDA /* Table */ = {
			isa = PBXGroup;
			children = (
				CE4232FB20060AAE00E01DDA /* TableViewController.swift */,
			);
			path = Table;
			sourceTree = "<group>";
		};
		CE69BB6D2004E1BD00844D53 = {
			isa = PBXGroup;
			children = (
				CE69BB782004E1BD00844D53 /* Eredivisie */,
				CE69BB772004E1BD00844D53 /* Products */,
				D8588C17CFF17F3EC040E87E /* Pods */,
				76718CD78425464DB1136F58 /* Frameworks */,
			);
			sourceTree = "<group>";
		};
		CE69BB772004E1BD00844D53 /* Products */ = {
			isa = PBXGroup;
			children = (
				CE69BB762004E1BD00844D53 /* Eredivisie.app */,
			);
			name = Products;
			sourceTree = "<group>";
		};
		CE69BB782004E1BD00844D53 /* Eredivisie */ = {
			isa = PBXGroup;
			children = (
				CE69BB922004E24400844D53 /* Source */,
				CE69BB912004E23C00844D53 /* Helper */,
				CE69BB902004E23100844D53 /* Controller */,
				CE69BB8F2004E22300844D53 /* Model */,
				CE69BB8E2004E20900844D53 /* View */,
				CE69BB792004E1BD00844D53 /* AppDelegate.swift */,
				CE69BB7D2004E1BE00844D53 /* Main.storyboard */,
				CE69BB7B2004E1BE00844D53 /* ViewController.swift */,
				CE69BB852004E1BE00844D53 /* LaunchScreen.storyboard */,
				CE41C94D2010EF7C00193719 /* Home.storyboard */,
				CE69BB882004E1BE00844D53 /* Info.plist */,
				CE69BB802004E1BE00844D53 /* Eredivisie.xcdatamodeld */,
				CE4232F62006080A00E01DDA /* Table.storyboard */,
				CE4232F82006081C00E01DDA /* Events.storyboard */,
			);
			path = Eredivisie;
			sourceTree = "<group>";
		};
		CE69BB8E2004E20900844D53 /* View */ = {
			isa = PBXGroup;
			children = (
				CE27EBA52006352C0045F9A6 /* TableCell.swift */,
			);
			path = View;
			sourceTree = "<group>";
		};
		CE69BB8F2004E22300844D53 /* Model */ = {
			isa = PBXGroup;
			children = (
				CE1695642005091300E3BAE8 /* Team.swift */,
			);
			path = Model;
			sourceTree = "<group>";
		};
		CE69BB902004E23100844D53 /* Controller */ = {
			isa = PBXGroup;
			children = (
				CE4232FA20060A7300E01DDA /* Table */,
				CEDF5C982011E31800D2123F /* MainViewController.swift */,
				CEDF5C9D20121C7D00D2123F /* HomeViewController.swift */,
			);
			path = Controller;
			sourceTree = "<group>";
		};
		CE69BB912004E23C00844D53 /* Helper */ = {
			isa = PBXGroup;
			children = (
				CEDF5C9A2012171E00D2123F /* Extensions */,
				CE1695622005053F00E3BAE8 /* Constants.swift */,
			);
			path = Helper;
			sourceTree = "<group>";
		};
		CE69BB922004E24400844D53 /* Source */ = {
			isa = PBXGroup;
			children = (
				CE69BB832004E1BE00844D53 /* Assets.xcassets */,
			);
			path = Source;
			sourceTree = "<group>";
		};
		CEDF5C9A2012171E00D2123F /* Extensions */ = {
			isa = PBXGroup;
			children = (
				CEDF5C9B2012173800D2123F /* Alamofire+Custom.swift */,
			);
			path = Extensions;
			sourceTree = "<group>";
		};
		D8588C17CFF17F3EC040E87E /* Pods */ = {
			isa = PBXGroup;
			children = (
				1E4A625EB8C67F15CC13F5E0 /* Pods-Eredivisie.debug.xcconfig */,
				E6262578E6316540FDFEA170 /* Pods-Eredivisie.release.xcconfig */,
			);
			name = Pods;
			sourceTree = "<group>";
		};
/* End PBXGroup section */

/* Begin PBXNativeTarget section */
		CE69BB752004E1BD00844D53 /* Eredivisie */ = {
			isa = PBXNativeTarget;
			buildConfigurationList = CE69BB8B2004E1BE00844D53 /* Build configuration list for PBXNativeTarget "Eredivisie" */;
			buildPhases = (
				7DAE6E8AC1618A8F3038F1BB /* [CP] Check Pods Manifest.lock */,
				CE69BB722004E1BD00844D53 /* Sources */,
				CE69BB732004E1BD00844D53 /* Frameworks */,
				CE69BB742004E1BD00844D53 /* Resources */,
				26BC7693036E33D60E53C43D /* [CP] Embed Pods Frameworks */,
				376DA79083DB5D5C5D23F924 /* [CP] Copy Pods Resources */,
			);
			buildRules = (
			);
			dependencies = (
			);
			name = Eredivisie;
			productName = Eredivisie;
			productReference = CE69BB762004E1BD00844D53 /* Eredivisie.app */;
			productType = "com.apple.product-type.application";
		};
/* End PBXNativeTarget section */

/* Begin PBXProject section */
		CE69BB6E2004E1BD00844D53 /* Project object */ = {
			isa = PBXProject;
			attributes = {
				LastSwiftUpdateCheck = 0920;
				LastUpgradeCheck = 0920;
				ORGANIZATIONNAME = vlad;
				TargetAttributes = {
					CE69BB752004E1BD00844D53 = {
						CreatedOnToolsVersion = 9.2;
						ProvisioningStyle = Automatic;
					};
				};
			};
			buildConfigurationList = CE69BB712004E1BD00844D53 /* Build configuration list for PBXProject "Eredivisie" */;
			compatibilityVersion = "Xcode 8.0";
			developmentRegion = en;
			hasScannedForEncodings = 0;
			knownRegions = (
				en,
				Base,
			);
			mainGroup = CE69BB6D2004E1BD00844D53;
			productRefGroup = CE69BB772004E1BD00844D53 /* Products */;
			projectDirPath = "";
			projectRoot = "";
			targets = (
				CE69BB752004E1BD00844D53 /* Eredivisie */,
			);
		};
/* End PBXProject section */

/* Begin PBXResourcesBuildPhase section */
		CE69BB742004E1BD00844D53 /* Resources */ = {
			isa = PBXResourcesBuildPhase;
			buildActionMask = 2147483647;
			files = (
				CE69BB872004E1BE00844D53 /* LaunchScreen.storyboard in Resources */,
				CE69BB842004E1BE00844D53 /* Assets.xcassets in Resources */,
				CE69BB7F2004E1BE00844D53 /* Main.storyboard in Resources */,
				CE41C94E2010EF7C00193719 /* Home.storyboard in Resources */,
				CE4232F72006080A00E01DDA /* Table.storyboard in Resources */,
				CE4232F92006081C00E01DDA /* Events.storyboard in Resources */,
			);
			runOnlyForDeploymentPostprocessing = 0;
		};
/* End PBXResourcesBuildPhase section */

/* Begin PBXShellScriptBuildPhase section */
		26BC7693036E33D60E53C43D /* [CP] Embed Pods Frameworks */ = {
			isa = PBXShellScriptBuildPhase;
			buildActionMask = 2147483647;
			files = (
			);
			inputPaths = (
				"${SRCROOT}/Pods/Target Support Files/Pods-Eredivisie/Pods-Eredivisie-frameworks.sh",
				"${BUILT_PRODUCTS_DIR}/Alamofire/Alamofire.framework",
			);
			name = "[CP] Embed Pods Frameworks";
			outputPaths = (
				"${TARGET_BUILD_DIR}/${FRAMEWORKS_FOLDER_PATH}/Alamofire.framework",
			);
			runOnlyForDeploymentPostprocessing = 0;
			shellPath = /bin/sh;
			shellScript = "\"${SRCROOT}/Pods/Target Support Files/Pods-Eredivisie/Pods-Eredivisie-frameworks.sh\"\n";
			showEnvVarsInLog = 0;
		};
		376DA79083DB5D5C5D23F924 /* [CP] Copy Pods Resources */ = {
			isa = PBXShellScriptBuildPhase;
			buildActionMask = 2147483647;
			files = (
			);
			inputPaths = (
			);
			name = "[CP] Copy Pods Resources";
			outputPaths = (
			);
			runOnlyForDeploymentPostprocessing = 0;
			shellPath = /bin/sh;
			shellScript = "\"${SRCROOT}/Pods/Target Support Files/Pods-Eredivisie/Pods-Eredivisie-resources.sh\"\n";
			showEnvVarsInLog = 0;
		};
		7DAE6E8AC1618A8F3038F1BB /* [CP] Check Pods Manifest.lock */ = {
			isa = PBXShellScriptBuildPhase;
			buildActionMask = 2147483647;
			files = (
			);
			inputPaths = (
				"${PODS_PODFILE_DIR_PATH}/Podfile.lock",
				"${PODS_ROOT}/Manifest.lock",
			);
			name = "[CP] Check Pods Manifest.lock";
			outputPaths = (
				"$(DERIVED_FILE_DIR)/Pods-Eredivisie-checkManifestLockResult.txt",
			);
			runOnlyForDeploymentPostprocessing = 0;
			shellPath = /bin/sh;
			shellScript = "diff \"${PODS_PODFILE_DIR_PATH}/Podfile.lock\" \"${PODS_ROOT}/Manifest.lock\" > /dev/null\nif [ $? != 0 ] ; then\n    # print error to STDERR\n    echo \"error: The sandbox is not in sync with the Podfile.lock. Run 'pod install' or update your CocoaPods installation.\" >&2\n    exit 1\nfi\n# This output is used by Xcode 'outputs' to avoid re-running this script phase.\necho \"SUCCESS\" > \"${SCRIPT_OUTPUT_FILE_0}\"\n";
			showEnvVarsInLog = 0;
		};
/* End PBXShellScriptBuildPhase section */

/* Begin PBXSourcesBuildPhase section */
		CE69BB722004E1BD00844D53 /* Sources */ = {
			isa = PBXSourcesBuildPhase;
			buildActionMask = 2147483647;
			files = (
				CE69BB7C2004E1BE00844D53 /* ViewController.swift in Sources */,
				CEDF5C9C2012173800D2123F /* Alamofire+Custom.swift in Sources */,
				CE4232FC20060AAE00E01DDA /* TableViewController.swift in Sources */,
				CE69BB822004E1BE00844D53 /* Eredivisie.xcdatamodeld in Sources */,
				CE27EBA62006352C0045F9A6 /* TableCell.swift in Sources */,
				CEDF5C9E20121C7D00D2123F /* HomeViewController.swift in Sources */,
				CE69BB7A2004E1BD00844D53 /* AppDelegate.swift in Sources */,
				CE1695652005091300E3BAE8 /* Team.swift in Sources */,
				CE1695632005053F00E3BAE8 /* Constants.swift in Sources */,
				CEDF5C992011E31800D2123F /* MainViewController.swift in Sources */,
			);
			runOnlyForDeploymentPostprocessing = 0;
		};
/* End PBXSourcesBuildPhase section */

/* Begin PBXVariantGroup section */
		CE69BB7D2004E1BE00844D53 /* Main.storyboard */ = {
			isa = PBXVariantGroup;
			children = (
				CE69BB7E2004E1BE00844D53 /* Base */,
			);
			name = Main.storyboard;
			sourceTree = "<group>";
		};
		CE69BB852004E1BE00844D53 /* LaunchScreen.storyboard */ = {
			isa = PBXVariantGroup;
			children = (
				CE69BB862004E1BE00844D53 /* Base */,
			);
			name = LaunchScreen.storyboard;
			sourceTree = "<group>";
		};
/* End PBXVariantGroup section */

/* Begin XCBuildConfiguration section */
		CE69BB892004E1BE00844D53 /* Debug */ = {
			isa = XCBuildConfiguration;
			buildSettings = {
				ALWAYS_SEARCH_USER_PATHS = NO;
				CLANG_ANALYZER_NONNULL = YES;
				CLANG_ANALYZER_NUMBER_OBJECT_CONVERSION = YES_AGGRESSIVE;
				CLANG_CXX_LANGUAGE_STANDARD = "gnu++14";
				CLANG_CXX_LIBRARY = "libc++";
				CLANG_ENABLE_MODULES = YES;
				CLANG_ENABLE_OBJC_ARC = YES;
				CLANG_WARN_BLOCK_CAPTURE_AUTORELEASING = YES;
				CLANG_WARN_BOOL_CONVERSION = YES;
				CLANG_WARN_COMMA = YES;
				CLANG_WARN_CONSTANT_CONVERSION = YES;
				CLANG_WARN_DIRECT_OBJC_ISA_USAGE = YES_ERROR;
				CLANG_WARN_DOCUMENTATION_COMMENTS = YES;
				CLANG_WARN_EMPTY_BODY = YES;
				CLANG_WARN_ENUM_CONVERSION = YES;
				CLANG_WARN_INFINITE_RECURSION = YES;
				CLANG_WARN_INT_CONVERSION = YES;
				CLANG_WARN_NON_LITERAL_NULL_CONVERSION = YES;
				CLANG_WARN_OBJC_LITERAL_CONVERSION = YES;
				CLANG_WARN_OBJC_ROOT_CLASS = YES_ERROR;
				CLANG_WARN_RANGE_LOOP_ANALYSIS = YES;
				CLANG_WARN_STRICT_PROTOTYPES = YES;
				CLANG_WARN_SUSPICIOUS_MOVE = YES;
				CLANG_WARN_UNGUARDED_AVAILABILITY = YES_AGGRESSIVE;
				CLANG_WARN_UNREACHABLE_CODE = YES;
				CLANG_WARN__DUPLICATE_METHOD_MATCH = YES;
				CODE_SIGN_IDENTITY = "iPhone Developer";
				COPY_PHASE_STRIP = NO;
				DEBUG_INFORMATION_FORMAT = dwarf;
				ENABLE_STRICT_OBJC_MSGSEND = YES;
				ENABLE_TESTABILITY = YES;
				GCC_C_LANGUAGE_STANDARD = gnu11;
				GCC_DYNAMIC_NO_PIC = NO;
				GCC_NO_COMMON_BLOCKS = YES;
				GCC_OPTIMIZATION_LEVEL = 0;
				GCC_PREPROCESSOR_DEFINITIONS = (
					"DEBUG=1",
					"$(inherited)",
				);
				GCC_WARN_64_TO_32_BIT_CONVERSION = YES;
				GCC_WARN_ABOUT_RETURN_TYPE = YES_ERROR;
				GCC_WARN_UNDECLARED_SELECTOR = YES;
				GCC_WARN_UNINITIALIZED_AUTOS = YES_AGGRESSIVE;
				GCC_WARN_UNUSED_FUNCTION = YES;
				GCC_WARN_UNUSED_VARIABLE = YES;
				IPHONEOS_DEPLOYMENT_TARGET = 11.2;
				MTL_ENABLE_DEBUG_INFO = YES;
				ONLY_ACTIVE_ARCH = YES;
				SDKROOT = iphoneos;
				SWIFT_ACTIVE_COMPILATION_CONDITIONS = DEBUG;
				SWIFT_OPTIMIZATION_LEVEL = "-Onone";
			};
			name = Debug;
		};
		CE69BB8A2004E1BE00844D53 /* Release */ = {
			isa = XCBuildConfiguration;
			buildSettings = {
				ALWAYS_SEARCH_USER_PATHS = NO;
				CLANG_ANALYZER_NONNULL = YES;
				CLANG_ANALYZER_NUMBER_OBJECT_CONVERSION = YES_AGGRESSIVE;
				CLANG_CXX_LANGUAGE_STANDARD = "gnu++14";
				CLANG_CXX_LIBRARY = "libc++";
				CLANG_ENABLE_MODULES = YES;
				CLANG_ENABLE_OBJC_ARC = YES;
				CLANG_WARN_BLOCK_CAPTURE_AUTORELEASING = YES;
				CLANG_WARN_BOOL_CONVERSION = YES;
				CLANG_WARN_COMMA = YES;
				CLANG_WARN_CONSTANT_CONVERSION = YES;
				CLANG_WARN_DIRECT_OBJC_ISA_USAGE = YES_ERROR;
				CLANG_WARN_DOCUMENTATION_COMMENTS = YES;
				CLANG_WARN_EMPTY_BODY = YES;
				CLANG_WARN_ENUM_CONVERSION = YES;
				CLANG_WARN_INFINITE_RECURSION = YES;
				CLANG_WARN_INT_CONVERSION = YES;
				CLANG_WARN_NON_LITERAL_NULL_CONVERSION = YES;
				CLANG_WARN_OBJC_LITERAL_CONVERSION = YES;
				CLANG_WARN_OBJC_ROOT_CLASS = YES_ERROR;
				CLANG_WARN_RANGE_LOOP_ANALYSIS = YES;
				CLANG_WARN_STRICT_PROTOTYPES = YES;
				CLANG_WARN_SUSPICIOUS_MOVE = YES;
				CLANG_WARN_UNGUARDED_AVAILABILITY = YES_AGGRESSIVE;
				CLANG_WARN_UNREACHABLE_CODE = YES;
				CLANG_WARN__DUPLICATE_METHOD_MATCH = YES;
				CODE_SIGN_IDENTITY = "iPhone Developer";
				COPY_PHASE_STRIP = NO;
				DEBUG_INFORMATION_FORMAT = "dwarf-with-dsym";
				ENABLE_NS_ASSERTIONS = NO;
				ENABLE_STRICT_OBJC_MSGSEND = YES;
				GCC_C_LANGUAGE_STANDARD = gnu11;
				GCC_NO_COMMON_BLOCKS = YES;
				GCC_WARN_64_TO_32_BIT_CONVERSION = YES;
				GCC_WARN_ABOUT_RETURN_TYPE = YES_ERROR;
				GCC_WARN_UNDECLARED_SELECTOR = YES;
				GCC_WARN_UNINITIALIZED_AUTOS = YES_AGGRESSIVE;
				GCC_WARN_UNUSED_FUNCTION = YES;
				GCC_WARN_UNUSED_VARIABLE = YES;
				IPHONEOS_DEPLOYMENT_TARGET = 11.2;
				MTL_ENABLE_DEBUG_INFO = NO;
				SDKROOT = iphoneos;
				SWIFT_OPTIMIZATION_LEVEL = "-Owholemodule";
				VALIDATE_PRODUCT = YES;
			};
			name = Release;
		};
		CE69BB8C2004E1BE00844D53 /* Debug */ = {
			isa = XCBuildConfiguration;
			baseConfigurationReference = 1E4A625EB8C67F15CC13F5E0 /* Pods-Eredivisie.debug.xcconfig */;
			buildSettings = {
				ASSETCATALOG_COMPILER_APPICON_NAME = AppIcon;
				CODE_SIGN_STYLE = Automatic;
				INFOPLIST_FILE = Eredivisie/Info.plist;
				LD_RUNPATH_SEARCH_PATHS = "$(inherited) @executable_path/Frameworks";
				PRODUCT_BUNDLE_IDENTIFIER = chi.Eredivisie;
				PRODUCT_NAME = "$(TARGET_NAME)";
				SWIFT_VERSION = 4.0;
				TARGETED_DEVICE_FAMILY = "1,2";
			};
			name = Debug;
		};
		CE69BB8D2004E1BE00844D53 /* Release */ = {
			isa = XCBuildConfiguration;
			baseConfigurationReference = E6262578E6316540FDFEA170 /* Pods-Eredivisie.release.xcconfig */;
			buildSettings = {
				ASSETCATALOG_COMPILER_APPICON_NAME = AppIcon;
				CODE_SIGN_STYLE = Automatic;
				INFOPLIST_FILE = Eredivisie/Info.plist;
				LD_RUNPATH_SEARCH_PATHS = "$(inherited) @executable_path/Frameworks";
				PRODUCT_BUNDLE_IDENTIFIER = chi.Eredivisie;
				PRODUCT_NAME = "$(TARGET_NAME)";
				SWIFT_VERSION = 4.0;
				TARGETED_DEVICE_FAMILY = "1,2";
			};
			name = Release;
		};
/* End XCBuildConfiguration section */

/* Begin XCConfigurationList section */
		CE69BB712004E1BD00844D53 /* Build configuration list for PBXProject "Eredivisie" */ = {
			isa = XCConfigurationList;
			buildConfigurations = (
				CE69BB892004E1BE00844D53 /* Debug */,
				CE69BB8A2004E1BE00844D53 /* Release */,
			);
			defaultConfigurationIsVisible = 0;
			defaultConfigurationName = Release;
		};
		CE69BB8B2004E1BE00844D53 /* Build configuration list for PBXNativeTarget "Eredivisie" */ = {
			isa = XCConfigurationList;
			buildConfigurations = (
				CE69BB8C2004E1BE00844D53 /* Debug */,
				CE69BB8D2004E1BE00844D53 /* Release */,
			);
			defaultConfigurationIsVisible = 0;
			defaultConfigurationName = Release;
		};
/* End XCConfigurationList section */

/* Begin XCVersionGroup section */
		CE69BB802004E1BE00844D53 /* Eredivisie.xcdatamodeld */ = {
			isa = XCVersionGroup;
			children = (
				CE69BB812004E1BE00844D53 /* Eredivisie.xcdatamodel */,
			);
			currentVersion = CE69BB812004E1BE00844D53 /* Eredivisie.xcdatamodel */;
			path = Eredivisie.xcdatamodeld;
			sourceTree = "<group>";
			versionGroupType = wrapper.xcdatamodel;
		};
/* End XCVersionGroup section */
	};
	rootObject = CE69BB6E2004E1BD00844D53 /* Project object */;
}
